
Microsoft Visual Studio Solution File, Format Version 12.00
# Visual Studio Version 17
VisualStudioVersion = 17.6.33829.357
MinimumVisualStudioVersion = 10.0.40219.1
Project("{9A19103F-16F7-4668-BE54-9A1E7A4F7556}") = "TaskBoardApp", "TaskBoardApp\TaskBoardApp.csproj", "{F3142A3D-A459-42A3-8CD0-42307018340F}"
EndProject
Project("{9A19103F-16F7-4668-BE54-9A1E7A4F7556}") = "TaskBoardApp.Data", "TaskBoardApp.Data\TaskBoardApp.Data.csproj", "{F7E4E08E-02D2-48D2-B037-A1ED1B2C94C2}"
EndProject
Project("{9A19103F-16F7-4668-BE54-9A1E7A4F7556}") = "TaskBoardApp.ViewModels", "TaskBoardApp.ViewModels\TaskBoardApp.ViewModels.csproj", "{2FF07301-5870-40B5-B390-2452FA8AE0EA}"
EndProject
Project("{9A19103F-16F7-4668-BE54-9A1E7A4F7556}") = "TaskBoardApp.Common", "TaskBoardApp.Common\TaskBoardApp.Common.csproj", "{CA47E0DA-C2EA-48CE-A377-31A6CDD24BED}"
EndProject
Project("{9A19103F-16F7-4668-BE54-9A1E7A4F7556}") = "TaskBoardApp.Data.Models", "TaskBoardApp.Data.Models\TaskBoardApp.Data.Models.csproj", "{2AD2DF7C-B471-4F90-B028-E3D987BFEB60}"
EndProject
Project("{FAE04EC0-301F-11D3-BF4B-00C04F79EFBC}") = "TaskBoardApp.Services", "TaskBoardApp.Services\TaskBoardApp.Services.csproj", "{959A0AC5-73A6-4823-AF07-713B8CC4BC58}"
EndProject
Global
	GlobalSection(SolutionConfigurationPlatforms) = preSolution
		Debug|Any CPU = Debug|Any CPU
		Release|Any CPU = Release|Any CPU
	EndGlobalSection
	GlobalSection(ProjectConfigurationPlatforms) = postSolution
		{F3142A3D-A459-42A3-8CD0-42307018340F}.Debug|Any CPU.ActiveCfg = Debug|Any CPU
		{F3142A3D-A459-42A3-8CD0-42307018340F}.Debug|Any CPU.Build.0 = Debug|Any CPU
		{F3142A3D-A459-42A3-8CD0-42307018340F}.Release|Any CPU.ActiveCfg = Release|Any CPU
		{F3142A3D-A459-42A3-8CD0-42307018340F}.Release|Any CPU.Build.0 = Release|Any CPU
		{F7E4E08E-02D2-48D2-B037-A1ED1B2C94C2}.Debug|Any CPU.ActiveCfg = Debug|Any CPU
		{F7E4E08E-02D2-48D2-B037-A1ED1B2C94C2}.Debug|Any CPU.Build.0 = Debug|Any CPU
		{F7E4E08E-02D2-48D2-B037-A1ED1B2C94C2}.Release|Any CPU.ActiveCfg = Release|Any CPU
		{F7E4E08E-02D2-48D2-B037-A1ED1B2C94C2}.Release|Any CPU.Build.0 = Release|Any CPU
		{2FF07301-5870-40B5-B390-2452FA8AE0EA}.Debug|Any CPU.ActiveCfg = Debug|Any CPU
		{2FF07301-5870-40B5-B390-2452FA8AE0EA}.Debug|Any CPU.Build.0 = Debug|Any CPU
		{2FF07301-5870-40B5-B390-2452FA8AE0EA}.Release|Any CPU.ActiveCfg = Release|Any CPU
		{2FF07301-5870-40B5-B390-2452FA8AE0EA}.Release|Any CPU.Build.0 = Release|Any CPU
		{CA47E0DA-C2EA-48CE-A377-31A6CDD24BED}.Debug|Any CPU.ActiveCfg = Debug|Any CPU
		{CA47E0DA-C2EA-48CE-A377-31A6CDD24BED}.Debug|Any CPU.Build.0 = Debug|Any CPU
		{CA47E0DA-C2EA-48CE-A377-31A6CDD24BED}.Release|Any CPU.ActiveCfg = Release|Any CPU
		{CA47E0DA-C2EA-48CE-A377-31A6CDD24BED}.Release|Any CPU.Build.0 = Release|Any CPU
		{2AD2DF7C-B471-4F90-B028-E3D987BFEB60}.Debug|Any CPU.ActiveCfg = Debug|Any CPU
		{2AD2DF7C-B471-4F90-B028-E3D987BFEB60}.Debug|Any CPU.Build.0 = Debug|Any CPU
		{2AD2DF7C-B471-4F90-B028-E3D987BFEB60}.Release|Any CPU.ActiveCfg = Release|Any CPU
		{2AD2DF7C-B471-4F90-B028-E3D987BFEB60}.Release|Any CPU.Build.0 = Release|Any CPU
		{959A0AC5-73A6-4823-AF07-713B8CC4BC58}.Debug|Any CPU.ActiveCfg = Debug|Any CPU
		{959A0AC5-73A6-4823-AF07-713B8CC4BC58}.Debug|Any CPU.Build.0 = Debug|Any CPU
		{959A0AC5-73A6-4823-AF07-713B8CC4BC58}.Release|Any CPU.ActiveCfg = Release|Any CPU
		{959A0AC5-73A6-4823-AF07-713B8CC4BC58}.Release|Any CPU.Build.0 = Release|Any CPU
	EndGlobalSection
	GlobalSection(SolutionProperties) = preSolution
		HideSolutionNode = FALSE
	EndGlobalSection
	GlobalSection(ExtensibilityGlobals) = postSolution
		SolutionGuid = {7443471A-4E10-4EC0-8E36-4E2BC9FBDF72}
	EndGlobalSection
EndGlobal
